
Microsoft Visual Studio Solution File, Format Version 12.00
# Visual Studio 15
VisualStudioVersion = 15.0.27703.2026
MinimumVisualStudioVersion = 10.0.40219.1
Project("{FAE04EC0-301F-11D3-BF4B-00C04F79EFBC}") = "FileIOTest", "FileIOTest\FileIOTest.csproj", "{03B9F448-72FD-4EDA-8C48-6B77A5E693A5}"
EndProject
Global
	GlobalSection(SolutionConfigurationPlatforms) = preSolution
		Debug|Any CPU = Debug|Any CPU
		Release|Any CPU = Release|Any CPU
	EndGlobalSection
	GlobalSection(ProjectConfigurationPlatforms) = postSolution
		{03B9F448-72FD-4EDA-8C48-6B77A5E693A5}.Debug|Any CPU.ActiveCfg = Debug|Any CPU
		{03B9F448-72FD-4EDA-8C48-6B77A5E693A5}.Debug|Any CPU.Build.0 = Debug|Any CPU
		{03B9F448-72FD-4EDA-8C48-6B77A5E693A5}.Release|Any CPU.ActiveCfg = Release|Any CPU
		{03B9F448-72FD-4EDA-8C48-6B77A5E693A5}.Release|Any CPU.Build.0 = Release|Any CPU
	EndGlobalSection
	GlobalSection(SolutionProperties) = preSolution
		HideSolutionNode = FALSE
	EndGlobalSection
	GlobalSection(ExtensibilityGlobals) = postSolution
		SolutionGuid = {C0D8BA3A-6CB5-4952-AA1B-7E315A2E4F83}
	EndGlobalSection
EndGlobal
